
Microsoft Visual Studio Solution File, Format Version 12.00
# Visual Studio Version 16
VisualStudioVersion = 16.0.30104.148
MinimumVisualStudioVersion = 10.0.40219.1
Project("{FAE04EC0-301F-11D3-BF4B-00C04F79EFBC}") = "P18_13", "P18_13\P18_13.csproj", "{B0F26F26-2D8A-496A-80C0-1A9C45A3BB6D}"
EndProject
Global
	GlobalSection(SolutionConfigurationPlatforms) = preSolution
		Debug|Any CPU = Debug|Any CPU
		Release|Any CPU = Release|Any CPU
	EndGlobalSection
	GlobalSection(ProjectConfigurationPlatforms) = postSolution
		{B0F26F26-2D8A-496A-80C0-1A9C45A3BB6D}.Debug|Any CPU.ActiveCfg = Debug|Any CPU
		{B0F26F26-2D8A-496A-80C0-1A9C45A3BB6D}.Debug|Any CPU.Build.0 = Debug|Any CPU
		{B0F26F26-2D8A-496A-80C0-1A9C45A3BB6D}.Release|Any CPU.ActiveCfg = Release|Any CPU
		{B0F26F26-2D8A-496A-80C0-1A9C45A3BB6D}.Release|Any CPU.Build.0 = Release|Any CPU
	EndGlobalSection
	GlobalSection(SolutionProperties) = preSolution
		HideSolutionNode = FALSE
	EndGlobalSection
	GlobalSection(ExtensibilityGlobals) = postSolution
		SolutionGuid = {3E105B39-85C7-4064-90CD-E559FCE132F0}
	EndGlobalSection
EndGlobal
