
Microsoft Visual Studio Solution File, Format Version 12.00
# Visual Studio Version 16
VisualStudioVersion = 16.0.30104.148
MinimumVisualStudioVersion = 10.0.40219.1
Project("{FAE04EC0-301F-11D3-BF4B-00C04F79EFBC}") = "P18_10", "P18_10\P18_10.csproj", "{D4212F06-9ADB-4657-86AB-B1D2A7AA00CD}"
EndProject
Global
	GlobalSection(SolutionConfigurationPlatforms) = preSolution
		Debug|Any CPU = Debug|Any CPU
		Release|Any CPU = Release|Any CPU
	EndGlobalSection
	GlobalSection(ProjectConfigurationPlatforms) = postSolution
		{D4212F06-9ADB-4657-86AB-B1D2A7AA00CD}.Debug|Any CPU.ActiveCfg = Debug|Any CPU
		{D4212F06-9ADB-4657-86AB-B1D2A7AA00CD}.Debug|Any CPU.Build.0 = Debug|Any CPU
		{D4212F06-9ADB-4657-86AB-B1D2A7AA00CD}.Release|Any CPU.ActiveCfg = Release|Any CPU
		{D4212F06-9ADB-4657-86AB-B1D2A7AA00CD}.Release|Any CPU.Build.0 = Release|Any CPU
	EndGlobalSection
	GlobalSection(SolutionProperties) = preSolution
		HideSolutionNode = FALSE
	EndGlobalSection
	GlobalSection(ExtensibilityGlobals) = postSolution
		SolutionGuid = {AC5AAA57-AC82-48A2-BE6D-46F088A2E7BB}
	EndGlobalSection
EndGlobal
