
Microsoft Visual Studio Solution File, Format Version 12.00
# Visual Studio Version 16
VisualStudioVersion = 16.0.30503.244
MinimumVisualStudioVersion = 10.0.40219.1
Project("{FAE04EC0-301F-11D3-BF4B-00C04F79EFBC}") = "P30_10_3", "P30_10_3\P30_10_3.csproj", "{030B503F-C60B-4B51-B24D-98F125C327FC}"
EndProject
Global
	GlobalSection(SolutionConfigurationPlatforms) = preSolution
		Debug|Any CPU = Debug|Any CPU
		Release|Any CPU = Release|Any CPU
	EndGlobalSection
	GlobalSection(ProjectConfigurationPlatforms) = postSolution
		{030B503F-C60B-4B51-B24D-98F125C327FC}.Debug|Any CPU.ActiveCfg = Debug|Any CPU
		{030B503F-C60B-4B51-B24D-98F125C327FC}.Debug|Any CPU.Build.0 = Debug|Any CPU
		{030B503F-C60B-4B51-B24D-98F125C327FC}.Release|Any CPU.ActiveCfg = Release|Any CPU
		{030B503F-C60B-4B51-B24D-98F125C327FC}.Release|Any CPU.Build.0 = Release|Any CPU
	EndGlobalSection
	GlobalSection(SolutionProperties) = preSolution
		HideSolutionNode = FALSE
	EndGlobalSection
	GlobalSection(ExtensibilityGlobals) = postSolution
		SolutionGuid = {551C4859-63AB-496A-AEAA-FB18C3019367}
	EndGlobalSection
EndGlobal
