
Microsoft Visual Studio Solution File, Format Version 12.00
# Visual Studio Version 16
VisualStudioVersion = 16.0.30503.244
MinimumVisualStudioVersion = 10.0.40219.1
Project("{FAE04EC0-301F-11D3-BF4B-00C04F79EFBC}") = "P29_5", "P29_5\P29_5.csproj", "{A264A352-F076-4009-BCF3-88617A395455}"
EndProject
Global
	GlobalSection(SolutionConfigurationPlatforms) = preSolution
		Debug|Any CPU = Debug|Any CPU
		Release|Any CPU = Release|Any CPU
	EndGlobalSection
	GlobalSection(ProjectConfigurationPlatforms) = postSolution
		{A264A352-F076-4009-BCF3-88617A395455}.Debug|Any CPU.ActiveCfg = Debug|Any CPU
		{A264A352-F076-4009-BCF3-88617A395455}.Debug|Any CPU.Build.0 = Debug|Any CPU
		{A264A352-F076-4009-BCF3-88617A395455}.Release|Any CPU.ActiveCfg = Release|Any CPU
		{A264A352-F076-4009-BCF3-88617A395455}.Release|Any CPU.Build.0 = Release|Any CPU
	EndGlobalSection
	GlobalSection(SolutionProperties) = preSolution
		HideSolutionNode = FALSE
	EndGlobalSection
	GlobalSection(ExtensibilityGlobals) = postSolution
		SolutionGuid = {0DDD7F99-00DE-4E19-A779-42A2504D6B91}
	EndGlobalSection
EndGlobal
