
Microsoft Visual Studio Solution File, Format Version 12.00
# Visual Studio Version 16
VisualStudioVersion = 16.0.30503.244
MinimumVisualStudioVersion = 10.0.40219.1
Project("{FAE04EC0-301F-11D3-BF4B-00C04F79EFBC}") = "P30_9", "P30_9\P30_9.csproj", "{087F0361-A6AE-472F-AF33-11B2024A827D}"
EndProject
Global
	GlobalSection(SolutionConfigurationPlatforms) = preSolution
		Debug|Any CPU = Debug|Any CPU
		Release|Any CPU = Release|Any CPU
	EndGlobalSection
	GlobalSection(ProjectConfigurationPlatforms) = postSolution
		{087F0361-A6AE-472F-AF33-11B2024A827D}.Debug|Any CPU.ActiveCfg = Debug|Any CPU
		{087F0361-A6AE-472F-AF33-11B2024A827D}.Debug|Any CPU.Build.0 = Debug|Any CPU
		{087F0361-A6AE-472F-AF33-11B2024A827D}.Release|Any CPU.ActiveCfg = Release|Any CPU
		{087F0361-A6AE-472F-AF33-11B2024A827D}.Release|Any CPU.Build.0 = Release|Any CPU
	EndGlobalSection
	GlobalSection(SolutionProperties) = preSolution
		HideSolutionNode = FALSE
	EndGlobalSection
	GlobalSection(ExtensibilityGlobals) = postSolution
		SolutionGuid = {C6D257D7-2B8D-48A5-BE6B-04ED43B0B45B}
	EndGlobalSection
EndGlobal
