
Microsoft Visual Studio Solution File, Format Version 12.00
# Visual Studio Version 16
VisualStudioVersion = 16.0.30104.148
MinimumVisualStudioVersion = 10.0.40219.1
Project("{FAE04EC0-301F-11D3-BF4B-00C04F79EFBC}") = "P12", "P12\P12.csproj", "{1B936465-56DD-40DC-B77C-5EEB837D8981}"
EndProject
Global
	GlobalSection(SolutionConfigurationPlatforms) = preSolution
		Debug|Any CPU = Debug|Any CPU
		Release|Any CPU = Release|Any CPU
	EndGlobalSection
	GlobalSection(ProjectConfigurationPlatforms) = postSolution
		{1B936465-56DD-40DC-B77C-5EEB837D8981}.Debug|Any CPU.ActiveCfg = Debug|Any CPU
		{1B936465-56DD-40DC-B77C-5EEB837D8981}.Debug|Any CPU.Build.0 = Debug|Any CPU
		{1B936465-56DD-40DC-B77C-5EEB837D8981}.Release|Any CPU.ActiveCfg = Release|Any CPU
		{1B936465-56DD-40DC-B77C-5EEB837D8981}.Release|Any CPU.Build.0 = Release|Any CPU
	EndGlobalSection
	GlobalSection(SolutionProperties) = preSolution
		HideSolutionNode = FALSE
	EndGlobalSection
	GlobalSection(ExtensibilityGlobals) = postSolution
		SolutionGuid = {1B39B5CA-1BC4-4538-A039-4B719310E709}
	EndGlobalSection
EndGlobal
