
Microsoft Visual Studio Solution File, Format Version 12.00
# Visual Studio Version 16
VisualStudioVersion = 16.0.30104.148
MinimumVisualStudioVersion = 10.0.40219.1
Project("{FAE04EC0-301F-11D3-BF4B-00C04F79EFBC}") = "P16_4", "P16_4\P16_4.csproj", "{CE5E6E29-41AB-48F5-AB49-04D903CC576F}"
EndProject
Global
	GlobalSection(SolutionConfigurationPlatforms) = preSolution
		Debug|Any CPU = Debug|Any CPU
		Release|Any CPU = Release|Any CPU
	EndGlobalSection
	GlobalSection(ProjectConfigurationPlatforms) = postSolution
		{CE5E6E29-41AB-48F5-AB49-04D903CC576F}.Debug|Any CPU.ActiveCfg = Debug|Any CPU
		{CE5E6E29-41AB-48F5-AB49-04D903CC576F}.Debug|Any CPU.Build.0 = Debug|Any CPU
		{CE5E6E29-41AB-48F5-AB49-04D903CC576F}.Release|Any CPU.ActiveCfg = Release|Any CPU
		{CE5E6E29-41AB-48F5-AB49-04D903CC576F}.Release|Any CPU.Build.0 = Release|Any CPU
	EndGlobalSection
	GlobalSection(SolutionProperties) = preSolution
		HideSolutionNode = FALSE
	EndGlobalSection
	GlobalSection(ExtensibilityGlobals) = postSolution
		SolutionGuid = {35C223BD-E3F1-42DA-89D7-CA28F270EF24}
	EndGlobalSection
EndGlobal
