
Microsoft Visual Studio Solution File, Format Version 12.00
# Visual Studio Version 16
VisualStudioVersion = 16.0.30104.148
MinimumVisualStudioVersion = 10.0.40219.1
Project("{FAE04EC0-301F-11D3-BF4B-00C04F79EFBC}") = "P11_5", "P11_5\P11_5.csproj", "{3E2091C7-AD0D-4C9E-9F30-550D89C15706}"
EndProject
Global
	GlobalSection(SolutionConfigurationPlatforms) = preSolution
		Debug|Any CPU = Debug|Any CPU
		Release|Any CPU = Release|Any CPU
	EndGlobalSection
	GlobalSection(ProjectConfigurationPlatforms) = postSolution
		{3E2091C7-AD0D-4C9E-9F30-550D89C15706}.Debug|Any CPU.ActiveCfg = Debug|Any CPU
		{3E2091C7-AD0D-4C9E-9F30-550D89C15706}.Debug|Any CPU.Build.0 = Debug|Any CPU
		{3E2091C7-AD0D-4C9E-9F30-550D89C15706}.Release|Any CPU.ActiveCfg = Release|Any CPU
		{3E2091C7-AD0D-4C9E-9F30-550D89C15706}.Release|Any CPU.Build.0 = Release|Any CPU
	EndGlobalSection
	GlobalSection(SolutionProperties) = preSolution
		HideSolutionNode = FALSE
	EndGlobalSection
	GlobalSection(ExtensibilityGlobals) = postSolution
		SolutionGuid = {D0A8B24C-71B0-42C7-B01E-86812A15CC98}
	EndGlobalSection
EndGlobal
