
Microsoft Visual Studio Solution File, Format Version 12.00
# Visual Studio Version 16
VisualStudioVersion = 16.0.30104.148
MinimumVisualStudioVersion = 10.0.40219.1
Project("{FAE04EC0-301F-11D3-BF4B-00C04F79EFBC}") = "P12_2", "P12_2\P12_2.csproj", "{6CDB6DDC-1365-4E95-9369-888F4FD10AAA}"
EndProject
Global
	GlobalSection(SolutionConfigurationPlatforms) = preSolution
		Debug|Any CPU = Debug|Any CPU
		Release|Any CPU = Release|Any CPU
	EndGlobalSection
	GlobalSection(ProjectConfigurationPlatforms) = postSolution
		{6CDB6DDC-1365-4E95-9369-888F4FD10AAA}.Debug|Any CPU.ActiveCfg = Debug|Any CPU
		{6CDB6DDC-1365-4E95-9369-888F4FD10AAA}.Debug|Any CPU.Build.0 = Debug|Any CPU
		{6CDB6DDC-1365-4E95-9369-888F4FD10AAA}.Release|Any CPU.ActiveCfg = Release|Any CPU
		{6CDB6DDC-1365-4E95-9369-888F4FD10AAA}.Release|Any CPU.Build.0 = Release|Any CPU
	EndGlobalSection
	GlobalSection(SolutionProperties) = preSolution
		HideSolutionNode = FALSE
	EndGlobalSection
	GlobalSection(ExtensibilityGlobals) = postSolution
		SolutionGuid = {01B1DB8B-3F27-4321-BD03-CE6CB20A4A1F}
	EndGlobalSection
EndGlobal
