
Microsoft Visual Studio Solution File, Format Version 12.00
# Visual Studio Version 16
VisualStudioVersion = 16.0.30503.244
MinimumVisualStudioVersion = 10.0.40219.1
Project("{FAE04EC0-301F-11D3-BF4B-00C04F79EFBC}") = "P29_2", "P29_1\P29_2.csproj", "{BA8FC8DF-4C3A-4E23-BFB7-05EB1770977F}"
EndProject
Global
	GlobalSection(SolutionConfigurationPlatforms) = preSolution
		Debug|Any CPU = Debug|Any CPU
		Release|Any CPU = Release|Any CPU
	EndGlobalSection
	GlobalSection(ProjectConfigurationPlatforms) = postSolution
		{BA8FC8DF-4C3A-4E23-BFB7-05EB1770977F}.Debug|Any CPU.ActiveCfg = Debug|Any CPU
		{BA8FC8DF-4C3A-4E23-BFB7-05EB1770977F}.Debug|Any CPU.Build.0 = Debug|Any CPU
		{BA8FC8DF-4C3A-4E23-BFB7-05EB1770977F}.Release|Any CPU.ActiveCfg = Release|Any CPU
		{BA8FC8DF-4C3A-4E23-BFB7-05EB1770977F}.Release|Any CPU.Build.0 = Release|Any CPU
	EndGlobalSection
	GlobalSection(SolutionProperties) = preSolution
		HideSolutionNode = FALSE
	EndGlobalSection
	GlobalSection(ExtensibilityGlobals) = postSolution
		SolutionGuid = {4C95515D-D8C9-497E-9598-5A11EF4745B7}
	EndGlobalSection
EndGlobal
