
Microsoft Visual Studio Solution File, Format Version 12.00
# Visual Studio Version 16
VisualStudioVersion = 16.0.30104.148
MinimumVisualStudioVersion = 10.0.40219.1
Project("{FAE04EC0-301F-11D3-BF4B-00C04F79EFBC}") = "P21_1", "P21_1\P21_1.csproj", "{FC124A21-C09D-492D-B622-C9FB5BD9EA72}"
EndProject
Global
	GlobalSection(SolutionConfigurationPlatforms) = preSolution
		Debug|Any CPU = Debug|Any CPU
		Release|Any CPU = Release|Any CPU
	EndGlobalSection
	GlobalSection(ProjectConfigurationPlatforms) = postSolution
		{FC124A21-C09D-492D-B622-C9FB5BD9EA72}.Debug|Any CPU.ActiveCfg = Debug|Any CPU
		{FC124A21-C09D-492D-B622-C9FB5BD9EA72}.Debug|Any CPU.Build.0 = Debug|Any CPU
		{FC124A21-C09D-492D-B622-C9FB5BD9EA72}.Release|Any CPU.ActiveCfg = Release|Any CPU
		{FC124A21-C09D-492D-B622-C9FB5BD9EA72}.Release|Any CPU.Build.0 = Release|Any CPU
	EndGlobalSection
	GlobalSection(SolutionProperties) = preSolution
		HideSolutionNode = FALSE
	EndGlobalSection
	GlobalSection(ExtensibilityGlobals) = postSolution
		SolutionGuid = {948C990F-D4C0-4BD4-AFA2-3716CB8231E3}
	EndGlobalSection
EndGlobal
