
Microsoft Visual Studio Solution File, Format Version 12.00
# Visual Studio Version 16
VisualStudioVersion = 16.0.30503.244
MinimumVisualStudioVersion = 10.0.40219.1
Project("{FAE04EC0-301F-11D3-BF4B-00C04F79EFBC}") = "P31_2", "P31_2\P31_2.csproj", "{226E9362-F91A-41EF-9DAB-DD2EFB07C25B}"
EndProject
Global
	GlobalSection(SolutionConfigurationPlatforms) = preSolution
		Debug|Any CPU = Debug|Any CPU
		Release|Any CPU = Release|Any CPU
	EndGlobalSection
	GlobalSection(ProjectConfigurationPlatforms) = postSolution
		{226E9362-F91A-41EF-9DAB-DD2EFB07C25B}.Debug|Any CPU.ActiveCfg = Debug|Any CPU
		{226E9362-F91A-41EF-9DAB-DD2EFB07C25B}.Debug|Any CPU.Build.0 = Debug|Any CPU
		{226E9362-F91A-41EF-9DAB-DD2EFB07C25B}.Release|Any CPU.ActiveCfg = Release|Any CPU
		{226E9362-F91A-41EF-9DAB-DD2EFB07C25B}.Release|Any CPU.Build.0 = Release|Any CPU
	EndGlobalSection
	GlobalSection(SolutionProperties) = preSolution
		HideSolutionNode = FALSE
	EndGlobalSection
	GlobalSection(ExtensibilityGlobals) = postSolution
		SolutionGuid = {E07BD9A6-7893-453D-8E26-1B78608187B4}
	EndGlobalSection
EndGlobal
