
Microsoft Visual Studio Solution File, Format Version 12.00
# Visual Studio Version 16
VisualStudioVersion = 16.0.30104.148
MinimumVisualStudioVersion = 10.0.40219.1
Project("{FAE04EC0-301F-11D3-BF4B-00C04F79EFBC}") = "P18_3", "P18_3\P18_3.csproj", "{28399F81-F988-403A-B4A8-6E9473366C7E}"
EndProject
Global
	GlobalSection(SolutionConfigurationPlatforms) = preSolution
		Debug|Any CPU = Debug|Any CPU
		Release|Any CPU = Release|Any CPU
	EndGlobalSection
	GlobalSection(ProjectConfigurationPlatforms) = postSolution
		{28399F81-F988-403A-B4A8-6E9473366C7E}.Debug|Any CPU.ActiveCfg = Debug|Any CPU
		{28399F81-F988-403A-B4A8-6E9473366C7E}.Debug|Any CPU.Build.0 = Debug|Any CPU
		{28399F81-F988-403A-B4A8-6E9473366C7E}.Release|Any CPU.ActiveCfg = Release|Any CPU
		{28399F81-F988-403A-B4A8-6E9473366C7E}.Release|Any CPU.Build.0 = Release|Any CPU
	EndGlobalSection
	GlobalSection(SolutionProperties) = preSolution
		HideSolutionNode = FALSE
	EndGlobalSection
	GlobalSection(ExtensibilityGlobals) = postSolution
		SolutionGuid = {7952AE3C-05FF-47F9-9B86-A3451D33383A}
	EndGlobalSection
EndGlobal
