
Microsoft Visual Studio Solution File, Format Version 12.00
# Visual Studio Version 16
VisualStudioVersion = 16.0.30104.148
MinimumVisualStudioVersion = 10.0.40219.1
Project("{FAE04EC0-301F-11D3-BF4B-00C04F79EFBC}") = "P11_6", "P11_6\P11_6.csproj", "{EB26F996-E34B-4F21-B101-B34D8216E89E}"
EndProject
Global
	GlobalSection(SolutionConfigurationPlatforms) = preSolution
		Debug|Any CPU = Debug|Any CPU
		Release|Any CPU = Release|Any CPU
	EndGlobalSection
	GlobalSection(ProjectConfigurationPlatforms) = postSolution
		{EB26F996-E34B-4F21-B101-B34D8216E89E}.Debug|Any CPU.ActiveCfg = Debug|Any CPU
		{EB26F996-E34B-4F21-B101-B34D8216E89E}.Debug|Any CPU.Build.0 = Debug|Any CPU
		{EB26F996-E34B-4F21-B101-B34D8216E89E}.Release|Any CPU.ActiveCfg = Release|Any CPU
		{EB26F996-E34B-4F21-B101-B34D8216E89E}.Release|Any CPU.Build.0 = Release|Any CPU
	EndGlobalSection
	GlobalSection(SolutionProperties) = preSolution
		HideSolutionNode = FALSE
	EndGlobalSection
	GlobalSection(ExtensibilityGlobals) = postSolution
		SolutionGuid = {F26EB0F8-7EDE-48DD-B022-27C563D43C58}
	EndGlobalSection
EndGlobal
