
Microsoft Visual Studio Solution File, Format Version 12.00
# Visual Studio Version 16
VisualStudioVersion = 16.0.30104.148
MinimumVisualStudioVersion = 10.0.40219.1
Project("{FAE04EC0-301F-11D3-BF4B-00C04F79EFBC}") = "P23_1", "P23_1\P23_1.csproj", "{5BCA4ADF-F345-4C3D-8580-E55D2D7F2892}"
EndProject
Global
	GlobalSection(SolutionConfigurationPlatforms) = preSolution
		Debug|Any CPU = Debug|Any CPU
		Release|Any CPU = Release|Any CPU
	EndGlobalSection
	GlobalSection(ProjectConfigurationPlatforms) = postSolution
		{5BCA4ADF-F345-4C3D-8580-E55D2D7F2892}.Debug|Any CPU.ActiveCfg = Debug|Any CPU
		{5BCA4ADF-F345-4C3D-8580-E55D2D7F2892}.Debug|Any CPU.Build.0 = Debug|Any CPU
		{5BCA4ADF-F345-4C3D-8580-E55D2D7F2892}.Release|Any CPU.ActiveCfg = Release|Any CPU
		{5BCA4ADF-F345-4C3D-8580-E55D2D7F2892}.Release|Any CPU.Build.0 = Release|Any CPU
	EndGlobalSection
	GlobalSection(SolutionProperties) = preSolution
		HideSolutionNode = FALSE
	EndGlobalSection
	GlobalSection(ExtensibilityGlobals) = postSolution
		SolutionGuid = {1B663DC2-947D-45F3-AB4A-070C1596E704}
	EndGlobalSection
EndGlobal
