
Microsoft Visual Studio Solution File, Format Version 12.00
# Visual Studio Version 16
VisualStudioVersion = 16.0.30104.148
MinimumVisualStudioVersion = 10.0.40219.1
Project("{FAE04EC0-301F-11D3-BF4B-00C04F79EFBC}") = "P18_6", "P18_6\P18_6.csproj", "{97F54004-882F-4149-AF6D-AB01DA0DD8F9}"
EndProject
Global
	GlobalSection(SolutionConfigurationPlatforms) = preSolution
		Debug|Any CPU = Debug|Any CPU
		Release|Any CPU = Release|Any CPU
	EndGlobalSection
	GlobalSection(ProjectConfigurationPlatforms) = postSolution
		{97F54004-882F-4149-AF6D-AB01DA0DD8F9}.Debug|Any CPU.ActiveCfg = Debug|Any CPU
		{97F54004-882F-4149-AF6D-AB01DA0DD8F9}.Debug|Any CPU.Build.0 = Debug|Any CPU
		{97F54004-882F-4149-AF6D-AB01DA0DD8F9}.Release|Any CPU.ActiveCfg = Release|Any CPU
		{97F54004-882F-4149-AF6D-AB01DA0DD8F9}.Release|Any CPU.Build.0 = Release|Any CPU
	EndGlobalSection
	GlobalSection(SolutionProperties) = preSolution
		HideSolutionNode = FALSE
	EndGlobalSection
	GlobalSection(ExtensibilityGlobals) = postSolution
		SolutionGuid = {D546FAB7-EC47-4368-8E40-10A3EF220302}
	EndGlobalSection
EndGlobal
